
Microsoft Visual Studio Solution File, Format Version 12.00
# Visual Studio Express 2012 for Web
Project("{FAE04EC0-301F-11D3-BF4B-00C04F79EFBC}") = "MvcFileManager", "MvcFileManager\MvcFileManager.csproj", "{261EE09F-3CA2-46FF-80C9-BEAFF966FABD}"
EndProject
Global
	GlobalSection(SolutionConfigurationPlatforms) = preSolution
		Debug|Any CPU = Debug|Any CPU
		Release|Any CPU = Release|Any CPU
	EndGlobalSection
	GlobalSection(ProjectConfigurationPlatforms) = postSolution
		{261EE09F-3CA2-46FF-80C9-BEAFF966FABD}.Debug|Any CPU.ActiveCfg = Debug|Any CPU
		{261EE09F-3CA2-46FF-80C9-BEAFF966FABD}.Debug|Any CPU.Build.0 = Debug|Any CPU
		{261EE09F-3CA2-46FF-80C9-BEAFF966FABD}.Release|Any CPU.ActiveCfg = Release|Any CPU
		{261EE09F-3CA2-46FF-80C9-BEAFF966FABD}.Release|Any CPU.Build.0 = Release|Any CPU
	EndGlobalSection
	GlobalSection(SolutionProperties) = preSolution
		HideSolutionNode = FALSE
	EndGlobalSection
EndGlobal
